{
  "version": 4,
  "terraform_version": "1.2.1",
  "serial": 271,
  "lineage": "8e848a5b-b4c7-6053-ba8f-1a8472c2a141",
  "outputs": {
    "alb_dns": {
      "value": "test-alb-429338147.us-east-1.elb.amazonaws.com",
      "type": "string"
    },
    "repo_url": {
      "value": "https://git-codecommit.us-east-1.amazonaws.com/v1/repos/dev-repo21",
      "type": "string"
    }
  },
  "resources": [
    {
      "mode": "data",
      "type": "aws_iam_role",
      "name": "ecs-task",
      "provider": "provider[\"registry.terraform.io/hashicorp/aws\"]",
      "instances": [
        {
          "schema_version": 0,
          "attributes": {
            "arn": "arn:aws:iam::667563228432:role/ecsTaskExecutionRole",
            "assume_role_policy": "{\"Version\":\"2008-10-17\",\"Statement\":[{\"Sid\":\"\",\"Effect\":\"Allow\",\"Principal\":{\"Service\":\"ecs.amazonaws.com\"},\"Action\":\"sts:AssumeRole\"}]}",
            "create_date": "2022-09-30T22:09:56Z",
            "description": "Allows ECS to create and manage AWS resources on your behalf.",
            "id": "ecsTaskExecutionRole",
            "max_session_duration": 3600,
            "name": "ecsTaskExecutionRole",
            "path": "/",
            "permissions_boundary": "",
            "tags": {},
            "unique_id": "AROAZW3O6PUIDJHIJYLU6"
          },
          "sensitive_attributes": []
        }
      ]
    },
    {
      "mode": "data",
      "type": "aws_iam_role",
      "name": "pipeline_role",
      "provider": "provider[\"registry.terraform.io/hashicorp/aws\"]",
      "instances": [
        {
          "schema_version": 0,
          "attributes": {
            "arn": "arn:aws:iam::667563228432:role/codepipeline-role",
            "assume_role_policy": "{\"Version\":\"2012-10-17\",\"Statement\":[{\"Sid\":\"\",\"Effect\":\"Allow\",\"Principal\":{\"Service\":\"application-autoscaling.amazonaws.com\"},\"Action\":\"sts:AssumeRole\"}]}",
            "create_date": "2022-09-30T22:00:28Z",
            "description": "Allows Auto Scaling to access and update ECS services.",
            "id": "codepipeline-role",
            "max_session_duration": 3600,
            "name": "codepipeline-role",
            "path": "/",
            "permissions_boundary": "",
            "tags": {},
            "unique_id": "AROAZW3O6PUIC5HPSQFUR"
          },
          "sensitive_attributes": []
        }
      ]
    },
    {
      "mode": "managed",
      "type": "aws_codebuild_project",
      "name": "repo-project",
      "provider": "provider[\"registry.terraform.io/hashicorp/aws\"]",
      "instances": [
        {
          "schema_version": 0,
          "attributes": {
            "arn": "arn:aws:codebuild:us-east-1:667563228432:project/dev-build-repo21",
            "artifacts": [
              {
                "artifact_identifier": "",
                "bucket_owner_access": "",
                "encryption_disabled": false,
                "location": "",
                "name": "",
                "namespace_type": "",
                "override_artifact_name": false,
                "packaging": "",
                "path": "",
                "type": "NO_ARTIFACTS"
              }
            ],
            "badge_enabled": false,
            "badge_url": "",
            "build_batch_config": [],
            "build_timeout": 60,
            "cache": [
              {
                "location": "",
                "modes": [],
                "type": "NO_CACHE"
              }
            ],
            "concurrent_build_limit": 0,
            "description": "",
            "encryption_key": "arn:aws:kms:us-east-1:667563228432:alias/aws/s3",
            "environment": [
              {
                "certificate": "",
                "compute_type": "BUILD_GENERAL1_SMALL",
                "environment_variable": [],
                "image": "aws/codebuild/standard:5.0",
                "image_pull_credentials_type": "CODEBUILD",
                "privileged_mode": true,
                "registry_credential": [],
                "type": "LINUX_CONTAINER"
              }
            ],
            "file_system_locations": [],
            "id": "arn:aws:codebuild:us-east-1:667563228432:project/dev-build-repo21",
            "logs_config": [
              {
                "cloudwatch_logs": [
                  {
                    "group_name": "",
                    "status": "ENABLED",
                    "stream_name": ""
                  }
                ],
                "s3_logs": [
                  {
                    "bucket_owner_access": "",
                    "encryption_disabled": false,
                    "location": "",
                    "status": "DISABLED"
                  }
                ]
              }
            ],
            "name": "dev-build-repo21",
            "project_visibility": "PRIVATE",
            "public_project_alias": "",
            "queued_timeout": 480,
            "resource_access_role": "",
            "secondary_artifacts": [],
            "secondary_source_version": [],
            "secondary_sources": [],
            "service_role": "arn:aws:iam::667563228432:role/codebuild-role",
            "source": [
              {
                "auth": [],
                "build_status_config": [],
                "buildspec": "",
                "git_clone_depth": 0,
                "git_submodules_config": [],
                "insecure_ssl": false,
                "location": "https://git-codecommit.us-east-1.amazonaws.com/v1/repos/dev-repo21",
                "report_build_status": false,
                "type": "CODECOMMIT"
              }
            ],
            "source_version": "",
            "tags": {},
            "tags_all": {},
            "vpc_config": []
          },
          "sensitive_attributes": [],
          "private": "bnVsbA==",
          "dependencies": [
            "aws_codecommit_repository.commitrepotest",
            "aws_iam_role.codebuildtest122"
          ]
        }
      ]
    },
    {
      "mode": "managed",
      "type": "aws_codecommit_repository",
      "name": "commitrepotest",
      "provider": "provider[\"registry.terraform.io/hashicorp/aws\"]",
      "instances": [
        {
          "schema_version": 0,
          "attributes": {
            "arn": "arn:aws:codecommit:us-east-1:667563228432:dev-repo21",
            "clone_url_http": "https://git-codecommit.us-east-1.amazonaws.com/v1/repos/dev-repo21",
            "clone_url_ssh": "ssh://git-codecommit.us-east-1.amazonaws.com/v1/repos/dev-repo21",
            "default_branch": null,
            "description": "",
            "id": "dev-repo21",
            "repository_id": "3d94d618-e3d9-4377-9ee0-fdb812edd7d3",
            "repository_name": "dev-repo21",
            "tags": {},
            "tags_all": {}
          },
          "sensitive_attributes": [],
          "private": "bnVsbA=="
        }
      ]
    },
    {
      "mode": "managed",
      "type": "aws_codepipeline",
      "name": "testpipelinee",
      "provider": "provider[\"registry.terraform.io/hashicorp/aws\"]",
      "instances": [
        {
          "schema_version": 0,
          "attributes": {
            "arn": "arn:aws:codepipeline:us-east-1:667563228432:pipeline-demo",
            "artifact_store": [
              {
                "encryption_key": [],
                "location": "test-tf-test-bucket",
                "region": "",
                "type": "S3"
              }
            ],
            "id": "pipeline-demo",
            "name": "pipeline-demo",
            "role_arn": "arn:aws:iam::667563228432:role/codebuild215-role",
            "stage": [
              {
                "action": [
                  {
                    "category": "Source",
                    "configuration": {
                      "BranchName": "main",
                      "RepositoryName": "ecrrepotest"
                    },
                    "input_artifacts": [],
                    "name": "Source",
                    "namespace": "",
                    "output_artifacts": [
                      "source_output"
                    ],
                    "owner": "AWS",
                    "provider": "CodeCommit",
                    "region": "",
                    "role_arn": "",
                    "run_order": 1,
                    "version": "1"
                  }
                ],
                "name": "Source"
              },
              {
                "action": [
                  {
                    "category": "Build",
                    "configuration": {
                      "ProjectName": "dev-build-repo21"
                    },
                    "input_artifacts": [
                      "source_output"
                    ],
                    "name": "Build",
                    "namespace": "",
                    "output_artifacts": [
                      "build_output"
                    ],
                    "owner": "AWS",
                    "provider": "CodeBuild",
                    "region": "",
                    "role_arn": "",
                    "run_order": 1,
                    "version": "1"
                  }
                ],
                "name": "Build"
              },
              {
                "action": [
                  {
                    "category": "Deploy",
                    "configuration": {
                      "ClusterName": "clusterDev",
                      "FileName": "imagedefinitions.json",
                      "ServiceName": "test-Service"
                    },
                    "input_artifacts": [
                      "build_output"
                    ],
                    "name": "Deploy",
                    "namespace": "",
                    "output_artifacts": [],
                    "owner": "AWS",
                    "provider": "ECS",
                    "region": "",
                    "role_arn": "",
                    "run_order": 1,
                    "version": "1"
                  }
                ],
                "name": "Deploy"
              }
            ],
            "tags": {},
            "tags_all": {}
          },
          "sensitive_attributes": [],
          "private": "bnVsbA==",
          "dependencies": [
            "aws_iam_role.codepipeline_role",
            "aws_s3_bucket.testdemobucket"
          ]
        }
      ]
    },
    {
      "mode": "managed",
      "type": "aws_ecr_repository",
      "name": "ecrrepotest",
      "provider": "provider[\"registry.terraform.io/hashicorp/aws\"]",
      "instances": [
        {
          "schema_version": 0,
          "attributes": {
            "arn": "arn:aws:ecr:us-east-1:667563228432:repository/ecr-repo",
            "encryption_configuration": [
              {
                "encryption_type": "AES256",
                "kms_key": ""
              }
            ],
            "force_delete": null,
            "id": "ecr-repo",
            "image_scanning_configuration": [
              {
                "scan_on_push": false
              }
            ],
            "image_tag_mutability": "MUTABLE",
            "name": "ecr-repo",
            "registry_id": "667563228432",
            "repository_url": "667563228432.dkr.ecr.us-east-1.amazonaws.com/ecr-repo",
            "tags": {},
            "tags_all": {},
            "timeouts": null
          },
          "sensitive_attributes": [],
          "private": "eyJlMmJmYjczMC1lY2FhLTExZTYtOGY4OC0zNDM2M2JjN2M0YzAiOnsiZGVsZXRlIjoxMjAwMDAwMDAwMDAwfX0="
        }
      ]
    },
    {
      "mode": "managed",
      "type": "aws_ecs_cluster",
      "name": "ecs-cluster",
      "provider": "provider[\"registry.terraform.io/hashicorp/aws\"]",
      "instances": [
        {
          "schema_version": 0,
          "attributes": {
            "arn": "arn:aws:ecs:us-east-1:667563228432:cluster/clusterDev",
            "capacity_providers": [],
            "configuration": [],
            "default_capacity_provider_strategy": [],
            "id": "arn:aws:ecs:us-east-1:667563228432:cluster/clusterDev",
            "name": "clusterDev",
            "setting": [
              {
                "name": "containerInsights",
                "value": "disabled"
              }
            ],
            "tags": {},
            "tags_all": {}
          },
          "sensitive_attributes": [],
          "private": "bnVsbA=="
        }
      ]
    },
    {
      "mode": "managed",
      "type": "aws_ecs_service",
      "name": "ecsservicetest",
      "provider": "provider[\"registry.terraform.io/hashicorp/aws\"]",
      "instances": [
        {
          "schema_version": 0,
          "attributes": {
            "capacity_provider_strategy": [],
            "cluster": "arn:aws:ecs:us-east-1:667563228432:cluster/clusterDev",
            "deployment_circuit_breaker": [
              {
                "enable": false,
                "rollback": false
              }
            ],
            "deployment_controller": [
              {
                "type": "ECS"
              }
            ],
            "deployment_maximum_percent": 200,
            "deployment_minimum_healthy_percent": 100,
            "desired_count": 2,
            "enable_ecs_managed_tags": false,
            "enable_execute_command": false,
            "force_new_deployment": null,
            "health_check_grace_period_seconds": 0,
            "iam_role": "aws-service-role",
            "id": "arn:aws:ecs:us-east-1:667563228432:service/clusterDev/test-Service",
            "launch_type": "FARGATE",
            "load_balancer": [
              {
                "container_name": "test-container",
                "container_port": 80,
                "elb_name": "",
                "target_group_arn": "arn:aws:elasticloadbalancing:us-east-1:667563228432:targetgroup/testargetgp-tgp/34a557d03954562e"
              }
            ],
            "name": "test-Service",
            "network_configuration": [
              {
                "assign_public_ip": true,
                "security_groups": [
                  "sg-0a297d2bbfe09ec98"
                ],
                "subnets": [
                  "subnet-07f1f6dd4a45d445e",
                  "subnet-0cfd8e89fb6624407"
                ]
              }
            ],
            "ordered_placement_strategy": [],
            "placement_constraints": [],
            "platform_version": "LATEST",
            "propagate_tags": "NONE",
            "scheduling_strategy": "REPLICA",
            "service_registries": [],
            "tags": {},
            "tags_all": {},
            "task_definition": "HTTPserver:19",
            "timeouts": null,
            "wait_for_steady_state": false
          },
          "sensitive_attributes": [],
          "private": "eyJlMmJmYjczMC1lY2FhLTExZTYtOGY4OC0zNDM2M2JjN2M0YzAiOnsiY3JlYXRlIjoxMjAwMDAwMDAwMDAwLCJkZWxldGUiOjEyMDAwMDAwMDAwMDAsInVwZGF0ZSI6MTIwMDAwMDAwMDAwMH19",
          "dependencies": [
            "aws_ecs_cluster.ecs-cluster",
            "aws_ecs_task_definition.task",
            "aws_lb_target_group.testtargetgrp",
            "aws_security_group.securitygroup",
            "aws_subnet.privatesubnet",
            "aws_subnet.publicsubnet"
          ]
        }
      ]
    },
    {
      "mode": "managed",
      "type": "aws_ecs_task_definition",
      "name": "task",
      "provider": "provider[\"registry.terraform.io/hashicorp/aws\"]",
      "instances": [
        {
          "schema_version": 1,
          "attributes": {
            "arn": "arn:aws:ecs:us-east-1:667563228432:task-definition/HTTPserver:19",
            "container_definitions": "[{\"cpu\":256,\"environment\":[],\"essential\":true,\"image\":\"667563228432.dkr.ecr.us-east-1.amazonaws.com/ecr-repo\",\"memory\":512,\"mountPoints\":[],\"name\":\"test-container\",\"portMappings\":[{\"containerPort\":80,\"hostPort\":80,\"protocol\":\"tcp\"}],\"volumesFrom\":[]}]",
            "cpu": "256",
            "ephemeral_storage": [],
            "execution_role_arn": "arn:aws:iam::667563228432:role/ecsTaskExecutionRole",
            "family": "HTTPserver",
            "id": "HTTPserver",
            "inference_accelerator": [],
            "ipc_mode": "",
            "memory": "512",
            "network_mode": "awsvpc",
            "pid_mode": "",
            "placement_constraints": [],
            "proxy_configuration": [],
            "requires_compatibilities": [
              "FARGATE"
            ],
            "revision": 19,
            "runtime_platform": [],
            "skip_destroy": false,
            "tags": {},
            "tags_all": {},
            "task_role_arn": "",
            "volume": []
          },
          "sensitive_attributes": [],
          "private": "eyJzY2hlbWFfdmVyc2lvbiI6IjEifQ==",
          "dependencies": [
            "aws_ecr_repository.ecrrepotest",
            "data.aws_iam_role.ecs-task"
          ]
        }
      ]
    },
    {
      "mode": "managed",
      "type": "aws_iam_role",
      "name": "codebuildtest122",
      "provider": "provider[\"registry.terraform.io/hashicorp/aws\"]",
      "instances": [
        {
          "schema_version": 0,
          "attributes": {
            "arn": "arn:aws:iam::667563228432:role/codebuild-role",
            "assume_role_policy": "{\"Statement\":[{\"Action\":\"sts:AssumeRole\",\"Effect\":\"Allow\",\"Principal\":{\"Service\":\"codebuild.amazonaws.com\"}}],\"Version\":\"2012-10-17\"}",
            "create_date": "2022-11-16T13:42:20Z",
            "description": "",
            "force_detach_policies": false,
            "id": "codebuild-role",
            "inline_policy": [
              {
                "name": "codepipeline_policy",
                "policy": "{\r\n  \"Version\": \"2012-10-17\",\r\n  \"Statement\": [\r\n    {\r\n      \"Effect\":\"Allow\",\r\n      \"Action\": [\r\n        \"s3:GetObject\",\r\n        \"s3:GetObjectVersion\",\r\n        \"s3:GetBucketVersioning\",\r\n        \"s3:PutObjectAcl\",\r\n        \"s3:PutObject\"\r\n      ],\r\n      \"Resource\": [\r\n        \"*\"\r\n      ]\r\n    },\r\n    {\r\n      \"Effect\": \"Allow\",\r\n      \"Action\": [\r\n        \"codebuild:BatchGetBuilds\",\r\n        \"codebuild:StartBuild\"\r\n      ],\r\n      \"Resource\": \"*\"\r\n    }\r\n  ]\r\n}\r\n"
              },
              {
                "name": "terraform-20221116134202298500000001",
                "policy": "{\"Statement\":[{\"Action\":[\"codecommit:GitPull\"],\"Effect\":\"Allow\",\"Resource\":\"*\"},{\"Action\":[\"ecr:BatchCheckLayerAvailability\",\"ecr:GetDownloadUrlForLayer\",\"ecr:BatchGetImage\",\"ecr:CompleteLayerUpload\",\"ecr:GetAuthorizationToken\",\"ecr:InitiateLayerUpload\",\"ecr:PutImage\",\"ecr:UploadLayerPart\"],\"Effect\":\"Allow\",\"Resource\":\"*\"},{\"Action\":[\"logs:CreateLogGroup\",\"logs:CreateLogStream\",\"logs:PutLogEvents\"],\"Effect\":\"Allow\",\"Resource\":\"*\"},{\"Action\":[\"s3:PutObject\",\"s3:GetObject\",\"s3:GetObjectVersion\",\"s3:GetBucketAcl\",\"s3:GetBucketLocation\"],\"Effect\":\"Allow\",\"Resource\":\"*\"}],\"Version\":\"2012-10-17\"}"
              }
            ],
            "managed_policy_arns": [],
            "max_session_duration": 3600,
            "name": "codebuild-role",
            "name_prefix": "",
            "path": "/",
            "permissions_boundary": null,
            "tags": {},
            "tags_all": {},
            "unique_id": "AROAZW3O6PUID6AAPNXKA"
          },
          "sensitive_attributes": [],
          "private": "bnVsbA=="
        }
      ]
    },
    {
      "mode": "managed",
      "type": "aws_iam_role",
      "name": "codepipeline_role",
      "provider": "provider[\"registry.terraform.io/hashicorp/aws\"]",
      "instances": [
        {
          "schema_version": 0,
          "attributes": {
            "arn": "arn:aws:iam::667563228432:role/codebuild215-role",
            "assume_role_policy": "{\"Statement\":[{\"Action\":\"sts:AssumeRole\",\"Effect\":\"Allow\",\"Principal\":{\"Service\":\"codepipeline.amazonaws.com\"}}],\"Version\":\"2012-10-17\"}",
            "create_date": "2022-11-16T13:53:50Z",
            "description": "",
            "force_detach_policies": false,
            "id": "codebuild215-role",
            "inline_policy": [
              {
                "name": "terraform-20221116142402084100000001",
                "policy": "{\r\n    \"Statement\": [\r\n        {\r\n            \"Action\": [\r\n                \"iam:PassRole\"\r\n            ],\r\n            \"Resource\": \"*\",\r\n            \"Effect\": \"Allow\",\r\n            \"Condition\": {\r\n                \"StringEqualsIfExists\": {\r\n                    \"iam:PassedToService\": [\r\n                        \"cloudformation.amazonaws.com\",\r\n                        \"elasticbeanstalk.amazonaws.com\",\r\n                        \"ec2.amazonaws.com\",\r\n                        \"ecs-tasks.amazonaws.com\"\r\n                    ]\r\n                }\r\n            }\r\n        },\r\n        {\r\n            \"Action\": [\r\n                \"codecommit:CancelUploadArchive\",\r\n                \"codecommit:GetBranch\",\r\n                \"codecommit:GetCommit\",\r\n                \"codecommit:GetRepository\",\r\n                \"codecommit:GetUploadArchiveStatus\",\r\n                \"codecommit:UploadArchive\"\r\n            ],\r\n            \"Resource\": \"*\",\r\n            \"Effect\": \"Allow\"\r\n        },\r\n        {\r\n            \"Action\": [\r\n                \"codedeploy:CreateDeployment\",\r\n                \"codedeploy:GetApplication\",\r\n                \"codedeploy:GetApplicationRevision\",\r\n                \"codedeploy:GetDeployment\",\r\n                \"codedeploy:GetDeploymentConfig\",\r\n                \"codedeploy:RegisterApplicationRevision\"\r\n            ],\r\n            \"Resource\": \"*\",\r\n            \"Effect\": \"Allow\"\r\n        },\r\n        {\r\n            \"Action\": [\r\n                \"codestar-connections:UseConnection\"\r\n            ],\r\n            \"Resource\": \"*\",\r\n            \"Effect\": \"Allow\"\r\n        },\r\n        {\r\n            \"Action\": [\r\n                \"elasticbeanstalk:*\",\r\n                \"ec2:*\",\r\n                \"elasticloadbalancing:*\",\r\n                \"autoscaling:*\",\r\n                \"cloudwatch:*\",\r\n                \"s3:*\",\r\n                \"sns:*\",\r\n                \"cloudformation:*\",\r\n                \"rds:*\",\r\n                \"sqs:*\",\r\n                \"ecs:*\"\r\n            ],\r\n            \"Resource\": \"*\",\r\n            \"Effect\": \"Allow\"\r\n        },\r\n        {\r\n            \"Action\": [\r\n                \"lambda:InvokeFunction\",\r\n                \"lambda:ListFunctions\"\r\n            ],\r\n            \"Resource\": \"*\",\r\n            \"Effect\": \"Allow\"\r\n        },\r\n        {\r\n            \"Action\": [\r\n                \"opsworks:CreateDeployment\",\r\n                \"opsworks:DescribeApps\",\r\n                \"opsworks:DescribeCommands\",\r\n                \"opsworks:DescribeDeployments\",\r\n                \"opsworks:DescribeInstances\",\r\n                \"opsworks:DescribeStacks\",\r\n                \"opsworks:UpdateApp\",\r\n                \"opsworks:UpdateStack\"\r\n            ],\r\n            \"Resource\": \"*\",\r\n            \"Effect\": \"Allow\"\r\n        },\r\n        {\r\n            \"Action\": [\r\n                \"cloudformation:CreateStack\",\r\n                \"cloudformation:DeleteStack\",\r\n                \"cloudformation:DescribeStacks\",\r\n                \"cloudformation:UpdateStack\",\r\n                \"cloudformation:CreateChangeSet\",\r\n                \"cloudformation:DeleteChangeSet\",\r\n                \"cloudformation:DescribeChangeSet\",\r\n                \"cloudformation:ExecuteChangeSet\",\r\n                \"cloudformation:SetStackPolicy\",\r\n                \"cloudformation:ValidateTemplate\"\r\n            ],\r\n            \"Resource\": \"*\",\r\n            \"Effect\": \"Allow\"\r\n        },\r\n        {\r\n            \"Action\": [\r\n                \"codebuild:BatchGetBuilds\",\r\n                \"codebuild:StartBuild\",\r\n                \"codebuild:BatchGetBuildBatches\",\r\n                \"codebuild:StartBuildBatch\"\r\n            ],\r\n            \"Resource\": \"*\",\r\n            \"Effect\": \"Allow\"\r\n        },\r\n        {\r\n            \"Effect\": \"Allow\",\r\n            \"Action\": [\r\n                \"devicefarm:ListProjects\",\r\n                \"devicefarm:ListDevicePools\",\r\n                \"devicefarm:GetRun\",\r\n                \"devicefarm:GetUpload\",\r\n                \"devicefarm:CreateUpload\",\r\n                \"devicefarm:ScheduleRun\"\r\n            ],\r\n            \"Resource\": \"*\"\r\n        },\r\n        {\r\n            \"Effect\": \"Allow\",\r\n            \"Action\": [\r\n                \"servicecatalog:ListProvisioningArtifacts\",\r\n                \"servicecatalog:CreateProvisioningArtifact\",\r\n                \"servicecatalog:DescribeProvisioningArtifact\",\r\n                \"servicecatalog:DeleteProvisioningArtifact\",\r\n                \"servicecatalog:UpdateProduct\"\r\n            ],\r\n            \"Resource\": \"*\"\r\n        },\r\n        {\r\n            \"Effect\": \"Allow\",\r\n            \"Action\": [\r\n                \"cloudformation:ValidateTemplate\"\r\n            ],\r\n            \"Resource\": \"*\"\r\n        },\r\n        {\r\n            \"Effect\": \"Allow\",\r\n            \"Action\": [\r\n                \"ecr:*\"\r\n            ],\r\n            \"Resource\": \"*\"\r\n        },\r\n        {\r\n            \"Effect\": \"Allow\",\r\n            \"Action\": [\r\n                \"states:DescribeExecution\",\r\n                \"states:DescribeStateMachine\",\r\n                \"states:StartExecution\"\r\n            ],\r\n            \"Resource\": \"*\"\r\n        },\r\n        {\r\n            \"Effect\": \"Allow\",\r\n            \"Action\": [\r\n                \"appconfig:StartDeployment\",\r\n                \"appconfig:StopDeployment\",\r\n                \"appconfig:GetDeployment\"\r\n            ],\r\n            \"Resource\": \"*\"\r\n        },\r\n        {\r\n            \"Effect\": \"Allow\",\r\n            \"Action\": [\r\n                \"ssm:DescribeParameters\"\r\n            ],\r\n            \"Resource\": \"*\"\r\n        },\r\n        {\r\n            \"Effect\": \"Allow\",\r\n            \"Action\": [\r\n                \"ssm:GetParameters\"\r\n            ],\r\n            \"Resource\": \"*\"\r\n        },\r\n        {\r\n         \"Effect\":\"Allow\",\r\n         \"Action\":[\r\n            \"kms:Decrypt\"\r\n         ],\r\n         \"Resource\":[\r\n            \"*\"\r\n         ]\r\n      }\r\n    ],\r\n    \"Version\": \"2012-10-17\"\r\n}\r\n"
              }
            ],
            "managed_policy_arns": [],
            "max_session_duration": 3600,
            "name": "codebuild215-role",
            "name_prefix": "",
            "path": "/",
            "permissions_boundary": null,
            "tags": {},
            "tags_all": {},
            "unique_id": "AROAZW3O6PUIPHJVZ4V7B"
          },
          "sensitive_attributes": [],
          "private": "bnVsbA=="
        }
      ]
    },
    {
      "mode": "managed",
      "type": "aws_iam_role_policy",
      "name": "apps_codepipeline_role_policy",
      "provider": "provider[\"registry.terraform.io/hashicorp/aws\"]",
      "instances": [
        {
          "schema_version": 0,
          "attributes": {
            "id": "codebuild215-role:terraform-20221116142402084100000001",
            "name": "terraform-20221116142402084100000001",
            "name_prefix": null,
            "policy": "{\r\n    \"Statement\": [\r\n        {\r\n            \"Action\": [\r\n                \"iam:PassRole\"\r\n            ],\r\n            \"Resource\": \"*\",\r\n            \"Effect\": \"Allow\",\r\n            \"Condition\": {\r\n                \"StringEqualsIfExists\": {\r\n                    \"iam:PassedToService\": [\r\n                        \"cloudformation.amazonaws.com\",\r\n                        \"elasticbeanstalk.amazonaws.com\",\r\n                        \"ec2.amazonaws.com\",\r\n                        \"ecs-tasks.amazonaws.com\"\r\n                    ]\r\n                }\r\n            }\r\n        },\r\n        {\r\n            \"Action\": [\r\n                \"codecommit:CancelUploadArchive\",\r\n                \"codecommit:GetBranch\",\r\n                \"codecommit:GetCommit\",\r\n                \"codecommit:GetRepository\",\r\n                \"codecommit:GetUploadArchiveStatus\",\r\n                \"codecommit:UploadArchive\"\r\n            ],\r\n            \"Resource\": \"*\",\r\n            \"Effect\": \"Allow\"\r\n        },\r\n        {\r\n            \"Action\": [\r\n                \"codedeploy:CreateDeployment\",\r\n                \"codedeploy:GetApplication\",\r\n                \"codedeploy:GetApplicationRevision\",\r\n                \"codedeploy:GetDeployment\",\r\n                \"codedeploy:GetDeploymentConfig\",\r\n                \"codedeploy:RegisterApplicationRevision\"\r\n            ],\r\n            \"Resource\": \"*\",\r\n            \"Effect\": \"Allow\"\r\n        },\r\n        {\r\n            \"Action\": [\r\n                \"codestar-connections:UseConnection\"\r\n            ],\r\n            \"Resource\": \"*\",\r\n            \"Effect\": \"Allow\"\r\n        },\r\n        {\r\n            \"Action\": [\r\n                \"elasticbeanstalk:*\",\r\n                \"ec2:*\",\r\n                \"elasticloadbalancing:*\",\r\n                \"autoscaling:*\",\r\n                \"cloudwatch:*\",\r\n                \"s3:*\",\r\n                \"sns:*\",\r\n                \"cloudformation:*\",\r\n                \"rds:*\",\r\n                \"sqs:*\",\r\n                \"ecs:*\"\r\n            ],\r\n            \"Resource\": \"*\",\r\n            \"Effect\": \"Allow\"\r\n        },\r\n        {\r\n            \"Action\": [\r\n                \"lambda:InvokeFunction\",\r\n                \"lambda:ListFunctions\"\r\n            ],\r\n            \"Resource\": \"*\",\r\n            \"Effect\": \"Allow\"\r\n        },\r\n        {\r\n            \"Action\": [\r\n                \"opsworks:CreateDeployment\",\r\n                \"opsworks:DescribeApps\",\r\n                \"opsworks:DescribeCommands\",\r\n                \"opsworks:DescribeDeployments\",\r\n                \"opsworks:DescribeInstances\",\r\n                \"opsworks:DescribeStacks\",\r\n                \"opsworks:UpdateApp\",\r\n                \"opsworks:UpdateStack\"\r\n            ],\r\n            \"Resource\": \"*\",\r\n            \"Effect\": \"Allow\"\r\n        },\r\n        {\r\n            \"Action\": [\r\n                \"cloudformation:CreateStack\",\r\n                \"cloudformation:DeleteStack\",\r\n                \"cloudformation:DescribeStacks\",\r\n                \"cloudformation:UpdateStack\",\r\n                \"cloudformation:CreateChangeSet\",\r\n                \"cloudformation:DeleteChangeSet\",\r\n                \"cloudformation:DescribeChangeSet\",\r\n                \"cloudformation:ExecuteChangeSet\",\r\n                \"cloudformation:SetStackPolicy\",\r\n                \"cloudformation:ValidateTemplate\"\r\n            ],\r\n            \"Resource\": \"*\",\r\n            \"Effect\": \"Allow\"\r\n        },\r\n        {\r\n            \"Action\": [\r\n                \"codebuild:BatchGetBuilds\",\r\n                \"codebuild:StartBuild\",\r\n                \"codebuild:BatchGetBuildBatches\",\r\n                \"codebuild:StartBuildBatch\"\r\n            ],\r\n            \"Resource\": \"*\",\r\n            \"Effect\": \"Allow\"\r\n        },\r\n        {\r\n            \"Effect\": \"Allow\",\r\n            \"Action\": [\r\n                \"devicefarm:ListProjects\",\r\n                \"devicefarm:ListDevicePools\",\r\n                \"devicefarm:GetRun\",\r\n                \"devicefarm:GetUpload\",\r\n                \"devicefarm:CreateUpload\",\r\n                \"devicefarm:ScheduleRun\"\r\n            ],\r\n            \"Resource\": \"*\"\r\n        },\r\n        {\r\n            \"Effect\": \"Allow\",\r\n            \"Action\": [\r\n                \"servicecatalog:ListProvisioningArtifacts\",\r\n                \"servicecatalog:CreateProvisioningArtifact\",\r\n                \"servicecatalog:DescribeProvisioningArtifact\",\r\n                \"servicecatalog:DeleteProvisioningArtifact\",\r\n                \"servicecatalog:UpdateProduct\"\r\n            ],\r\n            \"Resource\": \"*\"\r\n        },\r\n        {\r\n            \"Effect\": \"Allow\",\r\n            \"Action\": [\r\n                \"cloudformation:ValidateTemplate\"\r\n            ],\r\n            \"Resource\": \"*\"\r\n        },\r\n        {\r\n            \"Effect\": \"Allow\",\r\n            \"Action\": [\r\n                \"ecr:*\"\r\n            ],\r\n            \"Resource\": \"*\"\r\n        },\r\n        {\r\n            \"Effect\": \"Allow\",\r\n            \"Action\": [\r\n                \"states:DescribeExecution\",\r\n                \"states:DescribeStateMachine\",\r\n                \"states:StartExecution\"\r\n            ],\r\n            \"Resource\": \"*\"\r\n        },\r\n        {\r\n            \"Effect\": \"Allow\",\r\n            \"Action\": [\r\n                \"appconfig:StartDeployment\",\r\n                \"appconfig:StopDeployment\",\r\n                \"appconfig:GetDeployment\"\r\n            ],\r\n            \"Resource\": \"*\"\r\n        },\r\n        {\r\n            \"Effect\": \"Allow\",\r\n            \"Action\": [\r\n                \"ssm:DescribeParameters\"\r\n            ],\r\n            \"Resource\": \"*\"\r\n        },\r\n        {\r\n            \"Effect\": \"Allow\",\r\n            \"Action\": [\r\n                \"ssm:GetParameters\"\r\n            ],\r\n            \"Resource\": \"*\"\r\n        },\r\n        {\r\n         \"Effect\":\"Allow\",\r\n         \"Action\":[\r\n            \"kms:Decrypt\"\r\n         ],\r\n         \"Resource\":[\r\n            \"*\"\r\n         ]\r\n      }\r\n    ],\r\n    \"Version\": \"2012-10-17\"\r\n}\r\n",
            "role": "codebuild215-role"
          },
          "sensitive_attributes": [],
          "private": "bnVsbA==",
          "dependencies": [
            "aws_iam_role.codepipeline_role"
          ]
        }
      ]
    },
    {
      "mode": "managed",
      "type": "aws_iam_role_policy",
      "name": "codebuild-policy",
      "provider": "provider[\"registry.terraform.io/hashicorp/aws\"]",
      "instances": [
        {
          "schema_version": 0,
          "attributes": {
            "id": "codebuild-role:terraform-20221116134202298500000001",
            "name": "terraform-20221116134202298500000001",
            "name_prefix": null,
            "policy": "{\"Statement\":[{\"Action\":[\"codecommit:GitPull\"],\"Effect\":\"Allow\",\"Resource\":\"*\"},{\"Action\":[\"ecr:BatchCheckLayerAvailability\",\"ecr:GetDownloadUrlForLayer\",\"ecr:BatchGetImage\",\"ecr:CompleteLayerUpload\",\"ecr:GetAuthorizationToken\",\"ecr:InitiateLayerUpload\",\"ecr:PutImage\",\"ecr:UploadLayerPart\"],\"Effect\":\"Allow\",\"Resource\":\"*\"},{\"Action\":[\"logs:CreateLogGroup\",\"logs:CreateLogStream\",\"logs:PutLogEvents\"],\"Effect\":\"Allow\",\"Resource\":\"*\"},{\"Action\":[\"s3:PutObject\",\"s3:GetObject\",\"s3:GetObjectVersion\",\"s3:GetBucketAcl\",\"s3:GetBucketLocation\"],\"Effect\":\"Allow\",\"Resource\":\"*\"}],\"Version\":\"2012-10-17\"}",
            "role": "codebuild-role"
          },
          "sensitive_attributes": [],
          "private": "bnVsbA==",
          "dependencies": [
            "aws_iam_role.codebuildtest122"
          ]
        }
      ]
    },
    {
      "mode": "managed",
      "type": "aws_iam_role_policy",
      "name": "codepipeline_policy",
      "provider": "provider[\"registry.terraform.io/hashicorp/aws\"]",
      "instances": [
        {
          "schema_version": 0,
          "attributes": {
            "id": "codebuild-role:codepipeline_policy",
            "name": "codepipeline_policy",
            "name_prefix": null,
            "policy": "{\r\n  \"Version\": \"2012-10-17\",\r\n  \"Statement\": [\r\n    {\r\n      \"Effect\":\"Allow\",\r\n      \"Action\": [\r\n        \"s3:GetObject\",\r\n        \"s3:GetObjectVersion\",\r\n        \"s3:GetBucketVersioning\",\r\n        \"s3:PutObjectAcl\",\r\n        \"s3:PutObject\"\r\n      ],\r\n      \"Resource\": [\r\n        \"*\"\r\n      ]\r\n    },\r\n    {\r\n      \"Effect\": \"Allow\",\r\n      \"Action\": [\r\n        \"codebuild:BatchGetBuilds\",\r\n        \"codebuild:StartBuild\"\r\n      ],\r\n      \"Resource\": \"*\"\r\n    }\r\n  ]\r\n}\r\n",
            "role": "codebuild-role"
          },
          "sensitive_attributes": [],
          "private": "bnVsbA==",
          "dependencies": [
            "aws_iam_role.codebuildtest122"
          ]
        }
      ]
    },
    {
      "mode": "managed",
      "type": "aws_internet_gateway",
      "name": "internetgw",
      "provider": "provider[\"registry.terraform.io/hashicorp/aws\"]",
      "instances": [
        {
          "schema_version": 0,
          "attributes": {
            "arn": "arn:aws:ec2:us-east-1:667563228432:internet-gateway/igw-00b73fd3599641b30",
            "id": "igw-00b73fd3599641b30",
            "owner_id": "667563228432",
            "tags": {
              "Name": "internetgw"
            },
            "tags_all": {
              "Name": "internetgw"
            },
            "timeouts": null,
            "vpc_id": "vpc-05ef407c8f30db6d9"
          },
          "sensitive_attributes": [],
          "private": "eyJlMmJmYjczMC1lY2FhLTExZTYtOGY4OC0zNDM2M2JjN2M0YzAiOnsiY3JlYXRlIjoxMjAwMDAwMDAwMDAwLCJkZWxldGUiOjEyMDAwMDAwMDAwMDAsInVwZGF0ZSI6MTIwMDAwMDAwMDAwMH19",
          "dependencies": [
            "aws_vpc.vpcmain"
          ]
        }
      ]
    },
    {
      "mode": "managed",
      "type": "aws_lb",
      "name": "abdloadbalancer",
      "provider": "provider[\"registry.terraform.io/hashicorp/aws\"]",
      "instances": [
        {
          "schema_version": 0,
          "attributes": {
            "access_logs": [
              {
                "bucket": "test-tf-test-bucket",
                "enabled": true,
                "prefix": "test-alb"
              }
            ],
            "arn": "arn:aws:elasticloadbalancing:us-east-1:667563228432:loadbalancer/app/test-alb/18c81556a01e8c81",
            "arn_suffix": "app/test-alb/18c81556a01e8c81",
            "customer_owned_ipv4_pool": "",
            "desync_mitigation_mode": "defensive",
            "dns_name": "test-alb-429338147.us-east-1.elb.amazonaws.com",
            "drop_invalid_header_fields": false,
            "enable_cross_zone_load_balancing": null,
            "enable_deletion_protection": false,
            "enable_http2": true,
            "enable_waf_fail_open": false,
            "id": "arn:aws:elasticloadbalancing:us-east-1:667563228432:loadbalancer/app/test-alb/18c81556a01e8c81",
            "idle_timeout": 60,
            "internal": false,
            "ip_address_type": "ipv4",
            "load_balancer_type": "application",
            "name": "test-alb",
            "name_prefix": null,
            "preserve_host_header": false,
            "security_groups": [
              "sg-0a297d2bbfe09ec98"
            ],
            "subnet_mapping": [
              {
                "allocation_id": "",
                "ipv6_address": "",
                "outpost_id": "",
                "private_ipv4_address": "",
                "subnet_id": "subnet-07f1f6dd4a45d445e"
              },
              {
                "allocation_id": "",
                "ipv6_address": "",
                "outpost_id": "",
                "private_ipv4_address": "",
                "subnet_id": "subnet-0cfd8e89fb6624407"
              }
            ],
            "subnets": [
              "subnet-07f1f6dd4a45d445e",
              "subnet-0cfd8e89fb6624407"
            ],
            "tags": {
              "Environment": "production"
            },
            "tags_all": {
              "Environment": "production"
            },
            "timeouts": null,
            "vpc_id": "vpc-05ef407c8f30db6d9",
            "zone_id": "Z35SXDOTRQ7X7K"
          },
          "sensitive_attributes": [],
          "private": "eyJlMmJmYjczMC1lY2FhLTExZTYtOGY4OC0zNDM2M2JjN2M0YzAiOnsiY3JlYXRlIjo2MDAwMDAwMDAwMDAsImRlbGV0ZSI6NjAwMDAwMDAwMDAwLCJ1cGRhdGUiOjYwMDAwMDAwMDAwMH19",
          "dependencies": [
            "aws_s3_bucket.testdemobucket",
            "aws_security_group.securitygroup",
            "aws_subnet.privatesubnet",
            "aws_subnet.publicsubnet",
            "aws_vpc.vpcmain"
          ]
        }
      ]
    },
    {
      "mode": "managed",
      "type": "aws_lb_listener",
      "name": "testlistener",
      "provider": "provider[\"registry.terraform.io/hashicorp/aws\"]",
      "instances": [
        {
          "schema_version": 0,
          "attributes": {
            "alpn_policy": null,
            "arn": "arn:aws:elasticloadbalancing:us-east-1:667563228432:listener/app/test-alb/18c81556a01e8c81/90c364eb6ebff3ac",
            "certificate_arn": null,
            "default_action": [
              {
                "authenticate_cognito": [],
                "authenticate_oidc": [],
                "fixed_response": [],
                "forward": [],
                "order": 1,
                "redirect": [],
                "target_group_arn": "arn:aws:elasticloadbalancing:us-east-1:667563228432:targetgroup/testargetgp-tgp/34a557d03954562e",
                "type": "forward"
              }
            ],
            "id": "arn:aws:elasticloadbalancing:us-east-1:667563228432:listener/app/test-alb/18c81556a01e8c81/90c364eb6ebff3ac",
            "load_balancer_arn": "arn:aws:elasticloadbalancing:us-east-1:667563228432:loadbalancer/app/test-alb/18c81556a01e8c81",
            "port": 80,
            "protocol": "HTTP",
            "ssl_policy": "",
            "tags": {},
            "tags_all": {},
            "timeouts": null
          },
          "sensitive_attributes": [],
          "private": "eyJlMmJmYjczMC1lY2FhLTExZTYtOGY4OC0zNDM2M2JjN2M0YzAiOnsicmVhZCI6NjAwMDAwMDAwMDAwfX0=",
          "dependencies": [
            "aws_lb.abdloadbalancer",
            "aws_lb_target_group.testtargetgrp",
            "aws_s3_bucket.testdemobucket",
            "aws_security_group.securitygroup",
            "aws_subnet.privatesubnet",
            "aws_subnet.publicsubnet",
            "aws_vpc.vpcmain"
          ]
        }
      ]
    },
    {
      "mode": "managed",
      "type": "aws_lb_target_group",
      "name": "testtargetgrp",
      "provider": "provider[\"registry.terraform.io/hashicorp/aws\"]",
      "instances": [
        {
          "schema_version": 0,
          "attributes": {
            "arn": "arn:aws:elasticloadbalancing:us-east-1:667563228432:targetgroup/testargetgp-tgp/34a557d03954562e",
            "arn_suffix": "targetgroup/testargetgp-tgp/34a557d03954562e",
            "connection_termination": false,
            "deregistration_delay": "300",
            "health_check": [
              {
                "enabled": true,
                "healthy_threshold": 5,
                "interval": 30,
                "matcher": "200",
                "path": "/",
                "port": "traffic-port",
                "protocol": "HTTP",
                "timeout": 5,
                "unhealthy_threshold": 2
              }
            ],
            "id": "arn:aws:elasticloadbalancing:us-east-1:667563228432:targetgroup/testargetgp-tgp/34a557d03954562e",
            "ip_address_type": "ipv4",
            "lambda_multi_value_headers_enabled": false,
            "load_balancing_algorithm_type": "round_robin",
            "name": "testargetgp-tgp",
            "name_prefix": null,
            "port": 80,
            "preserve_client_ip": null,
            "protocol": "HTTP",
            "protocol_version": "HTTP1",
            "proxy_protocol_v2": false,
            "slow_start": 0,
            "stickiness": [
              {
                "cookie_duration": 86400,
                "cookie_name": "",
                "enabled": false,
                "type": "lb_cookie"
              }
            ],
            "tags": {},
            "tags_all": {},
            "target_failover": [
              {
                "on_deregistration": null,
                "on_unhealthy": null
              }
            ],
            "target_type": "ip",
            "vpc_id": "vpc-05ef407c8f30db6d9"
          },
          "sensitive_attributes": [],
          "private": "bnVsbA==",
          "dependencies": [
            "aws_vpc.vpcmain"
          ]
        }
      ]
    },
    {
      "mode": "managed",
      "type": "aws_route_table",
      "name": "routetable",
      "provider": "provider[\"registry.terraform.io/hashicorp/aws\"]",
      "instances": [
        {
          "schema_version": 0,
          "attributes": {
            "arn": "arn:aws:ec2:us-east-1:667563228432:route-table/rtb-01679db0de30a08a6",
            "id": "rtb-01679db0de30a08a6",
            "owner_id": "667563228432",
            "propagating_vgws": [],
            "route": [
              {
                "carrier_gateway_id": "",
                "cidr_block": "0.0.0.0/0",
                "core_network_arn": "",
                "destination_prefix_list_id": "",
                "egress_only_gateway_id": "",
                "gateway_id": "igw-00b73fd3599641b30",
                "instance_id": "",
                "ipv6_cidr_block": "",
                "local_gateway_id": "",
                "nat_gateway_id": "",
                "network_interface_id": "",
                "transit_gateway_id": "",
                "vpc_endpoint_id": "",
                "vpc_peering_connection_id": ""
              }
            ],
            "tags": {
              "Name": "routetable"
            },
            "tags_all": {
              "Name": "routetable"
            },
            "timeouts": null,
            "vpc_id": "vpc-05ef407c8f30db6d9"
          },
          "sensitive_attributes": [],
          "private": "eyJlMmJmYjczMC1lY2FhLTExZTYtOGY4OC0zNDM2M2JjN2M0YzAiOnsiY3JlYXRlIjozMDAwMDAwMDAwMDAsImRlbGV0ZSI6MzAwMDAwMDAwMDAwLCJ1cGRhdGUiOjEyMDAwMDAwMDAwMH19",
          "dependencies": [
            "aws_internet_gateway.internetgw",
            "aws_vpc.vpcmain"
          ]
        }
      ]
    },
    {
      "mode": "managed",
      "type": "aws_route_table_association",
      "name": "a",
      "provider": "provider[\"registry.terraform.io/hashicorp/aws\"]",
      "instances": [
        {
          "schema_version": 0,
          "attributes": {
            "gateway_id": "",
            "id": "rtbassoc-0f4c86c317d610bf5",
            "route_table_id": "rtb-01679db0de30a08a6",
            "subnet_id": "subnet-07f1f6dd4a45d445e"
          },
          "sensitive_attributes": [],
          "private": "bnVsbA==",
          "dependencies": [
            "aws_internet_gateway.internetgw",
            "aws_route_table.routetable",
            "aws_subnet.publicsubnet",
            "aws_vpc.vpcmain"
          ]
        }
      ]
    },
    {
      "mode": "managed",
      "type": "aws_s3_bucket",
      "name": "testdemobucket",
      "provider": "provider[\"registry.terraform.io/hashicorp/aws\"]",
      "instances": [
        {
          "schema_version": 0,
          "attributes": {
            "acceleration_status": "",
            "acl": null,
            "arn": "arn:aws:s3:::test-tf-test-bucket",
            "bucket": "test-tf-test-bucket",
            "bucket_domain_name": "test-tf-test-bucket.s3.amazonaws.com",
            "bucket_prefix": null,
            "bucket_regional_domain_name": "test-tf-test-bucket.s3.amazonaws.com",
            "cors_rule": [],
            "force_destroy": false,
            "grant": [
              {
                "id": "",
                "permissions": [
                  "READ",
                  "WRITE"
                ],
                "type": "Group",
                "uri": "http://acs.amazonaws.com/groups/global/AllUsers"
              },
              {
                "id": "54e8cdc0faea2134056c26deb437a38f0908d465cea40bac023ed30483dc5037",
                "permissions": [
                  "FULL_CONTROL"
                ],
                "type": "CanonicalUser",
                "uri": ""
              }
            ],
            "hosted_zone_id": "Z3AQBSTGFYJSTF",
            "id": "test-tf-test-bucket",
            "lifecycle_rule": [],
            "logging": [],
            "object_lock_configuration": [],
            "object_lock_enabled": false,
            "policy": "",
            "region": "us-east-1",
            "replication_configuration": [],
            "request_payer": "BucketOwner",
            "server_side_encryption_configuration": [],
            "tags": {
              "Environment": "Dev",
              "Name": "My bucket"
            },
            "tags_all": {
              "Environment": "Dev",
              "Name": "My bucket"
            },
            "timeouts": null,
            "versioning": [
              {
                "enabled": false,
                "mfa_delete": false
              }
            ],
            "website": [],
            "website_domain": null,
            "website_endpoint": null
          },
          "sensitive_attributes": [],
          "private": "eyJlMmJmYjczMC1lY2FhLTExZTYtOGY4OC0zNDM2M2JjN2M0YzAiOnsiY3JlYXRlIjoxMjAwMDAwMDAwMDAwLCJkZWxldGUiOjM2MDAwMDAwMDAwMDAsInJlYWQiOjEyMDAwMDAwMDAwMDAsInVwZGF0ZSI6MTIwMDAwMDAwMDAwMH19"
        }
      ]
    },
    {
      "mode": "managed",
      "type": "aws_s3_bucket_acl",
      "name": "example",
      "provider": "provider[\"registry.terraform.io/hashicorp/aws\"]",
      "instances": [
        {
          "schema_version": 0,
          "attributes": {
            "access_control_policy": [
              {
                "grant": [
                  {
                    "grantee": [
                      {
                        "display_name": "",
                        "email_address": "",
                        "id": "",
                        "type": "Group",
                        "uri": "http://acs.amazonaws.com/groups/global/AllUsers"
                      }
                    ],
                    "permission": "READ"
                  },
                  {
                    "grantee": [
                      {
                        "display_name": "",
                        "email_address": "",
                        "id": "",
                        "type": "Group",
                        "uri": "http://acs.amazonaws.com/groups/global/AllUsers"
                      }
                    ],
                    "permission": "WRITE"
                  },
                  {
                    "grantee": [
                      {
                        "display_name": "1913260.mca.cbsa",
                        "email_address": "",
                        "id": "54e8cdc0faea2134056c26deb437a38f0908d465cea40bac023ed30483dc5037",
                        "type": "CanonicalUser",
                        "uri": ""
                      }
                    ],
                    "permission": "FULL_CONTROL"
                  }
                ],
                "owner": [
                  {
                    "display_name": "1913260.mca.cbsa",
                    "id": "54e8cdc0faea2134056c26deb437a38f0908d465cea40bac023ed30483dc5037"
                  }
                ]
              }
            ],
            "acl": "public-read-write",
            "bucket": "test-tf-test-bucket",
            "expected_bucket_owner": "",
            "id": "test-tf-test-bucket,public-read-write"
          },
          "sensitive_attributes": [],
          "private": "bnVsbA==",
          "dependencies": [
            "aws_s3_bucket.testdemobucket"
          ]
        }
      ]
    },
    {
      "mode": "managed",
      "type": "aws_security_group",
      "name": "securitygroup",
      "provider": "provider[\"registry.terraform.io/hashicorp/aws\"]",
      "instances": [
        {
          "schema_version": 1,
          "attributes": {
            "arn": "arn:aws:ec2:us-east-1:667563228432:security-group/sg-0a297d2bbfe09ec98",
            "description": "Allow TLS inbound traffic",
            "egress": [
              {
                "cidr_blocks": [
                  "0.0.0.0/0"
                ],
                "description": "",
                "from_port": 0,
                "ipv6_cidr_blocks": [
                  "::/0"
                ],
                "prefix_list_ids": [],
                "protocol": "-1",
                "security_groups": [],
                "self": false,
                "to_port": 0
              }
            ],
            "id": "sg-0a297d2bbfe09ec98",
            "ingress": [
              {
                "cidr_blocks": [
                  "0.0.0.0/0"
                ],
                "description": "TLS from VPC",
                "from_port": 22,
                "ipv6_cidr_blocks": [],
                "prefix_list_ids": [],
                "protocol": "tcp",
                "security_groups": [],
                "self": false,
                "to_port": 22
              },
              {
                "cidr_blocks": [
                  "0.0.0.0/0"
                ],
                "description": "TLS from VPC",
                "from_port": 443,
                "ipv6_cidr_blocks": [],
                "prefix_list_ids": [],
                "protocol": "tcp",
                "security_groups": [],
                "self": false,
                "to_port": 443
              },
              {
                "cidr_blocks": [
                  "0.0.0.0/0"
                ],
                "description": "TLS from VPC",
                "from_port": 80,
                "ipv6_cidr_blocks": [],
                "prefix_list_ids": [],
                "protocol": "tcp",
                "security_groups": [],
                "self": false,
                "to_port": 80
              }
            ],
            "name": "allow_securitygroup",
            "name_prefix": "",
            "owner_id": "667563228432",
            "revoke_rules_on_delete": false,
            "tags": {
              "Name": "allow_tls"
            },
            "tags_all": {
              "Name": "allow_tls"
            },
            "timeouts": null,
            "vpc_id": "vpc-05ef407c8f30db6d9"
          },
          "sensitive_attributes": [],
          "private": "eyJlMmJmYjczMC1lY2FhLTExZTYtOGY4OC0zNDM2M2JjN2M0YzAiOnsiY3JlYXRlIjo2MDAwMDAwMDAwMDAsImRlbGV0ZSI6OTAwMDAwMDAwMDAwfSwic2NoZW1hX3ZlcnNpb24iOiIxIn0=",
          "dependencies": [
            "aws_vpc.vpcmain"
          ]
        }
      ]
    },
    {
      "mode": "managed",
      "type": "aws_subnet",
      "name": "privatesubnet",
      "provider": "provider[\"registry.terraform.io/hashicorp/aws\"]",
      "instances": [
        {
          "schema_version": 1,
          "attributes": {
            "arn": "arn:aws:ec2:us-east-1:667563228432:subnet/subnet-0cfd8e89fb6624407",
            "assign_ipv6_address_on_creation": false,
            "availability_zone": "us-east-1b",
            "availability_zone_id": "use1-az1",
            "cidr_block": "10.0.2.0/24",
            "customer_owned_ipv4_pool": "",
            "enable_dns64": false,
            "enable_resource_name_dns_a_record_on_launch": false,
            "enable_resource_name_dns_aaaa_record_on_launch": false,
            "id": "subnet-0cfd8e89fb6624407",
            "ipv6_cidr_block": "",
            "ipv6_cidr_block_association_id": "",
            "ipv6_native": false,
            "map_customer_owned_ip_on_launch": false,
            "map_public_ip_on_launch": false,
            "outpost_arn": "",
            "owner_id": "667563228432",
            "private_dns_hostname_type_on_launch": "ip-name",
            "tags": {
              "Name": "privatesubnet"
            },
            "tags_all": {
              "Name": "privatesubnet"
            },
            "timeouts": null,
            "vpc_id": "vpc-05ef407c8f30db6d9"
          },
          "sensitive_attributes": [],
          "private": "eyJlMmJmYjczMC1lY2FhLTExZTYtOGY4OC0zNDM2M2JjN2M0YzAiOnsiY3JlYXRlIjo2MDAwMDAwMDAwMDAsImRlbGV0ZSI6MTIwMDAwMDAwMDAwMH0sInNjaGVtYV92ZXJzaW9uIjoiMSJ9",
          "dependencies": [
            "aws_vpc.vpcmain"
          ]
        }
      ]
    },
    {
      "mode": "managed",
      "type": "aws_subnet",
      "name": "publicsubnet",
      "provider": "provider[\"registry.terraform.io/hashicorp/aws\"]",
      "instances": [
        {
          "schema_version": 1,
          "attributes": {
            "arn": "arn:aws:ec2:us-east-1:667563228432:subnet/subnet-07f1f6dd4a45d445e",
            "assign_ipv6_address_on_creation": false,
            "availability_zone": "us-east-1a",
            "availability_zone_id": "use1-az6",
            "cidr_block": "10.0.1.0/24",
            "customer_owned_ipv4_pool": "",
            "enable_dns64": false,
            "enable_resource_name_dns_a_record_on_launch": false,
            "enable_resource_name_dns_aaaa_record_on_launch": false,
            "id": "subnet-07f1f6dd4a45d445e",
            "ipv6_cidr_block": "",
            "ipv6_cidr_block_association_id": "",
            "ipv6_native": false,
            "map_customer_owned_ip_on_launch": false,
            "map_public_ip_on_launch": false,
            "outpost_arn": "",
            "owner_id": "667563228432",
            "private_dns_hostname_type_on_launch": "ip-name",
            "tags": {
              "Name": "publicsubnet"
            },
            "tags_all": {
              "Name": "publicsubnet"
            },
            "timeouts": null,
            "vpc_id": "vpc-05ef407c8f30db6d9"
          },
          "sensitive_attributes": [],
          "private": "eyJlMmJmYjczMC1lY2FhLTExZTYtOGY4OC0zNDM2M2JjN2M0YzAiOnsiY3JlYXRlIjo2MDAwMDAwMDAwMDAsImRlbGV0ZSI6MTIwMDAwMDAwMDAwMH0sInNjaGVtYV92ZXJzaW9uIjoiMSJ9",
          "dependencies": [
            "aws_vpc.vpcmain"
          ]
        }
      ]
    },
    {
      "mode": "managed",
      "type": "aws_vpc",
      "name": "vpcmain",
      "provider": "provider[\"registry.terraform.io/hashicorp/aws\"]",
      "instances": [
        {
          "schema_version": 1,
          "attributes": {
            "arn": "arn:aws:ec2:us-east-1:667563228432:vpc/vpc-05ef407c8f30db6d9",
            "assign_generated_ipv6_cidr_block": false,
            "cidr_block": "10.0.0.0/16",
            "default_network_acl_id": "acl-0bddd96aae7103edc",
            "default_route_table_id": "rtb-03bd436b1f67deb04",
            "default_security_group_id": "sg-06dc00ccfa3ae823b",
            "dhcp_options_id": "dopt-0f6d0758a45b38af5",
            "enable_classiclink": false,
            "enable_classiclink_dns_support": false,
            "enable_dns_hostnames": true,
            "enable_dns_support": true,
            "enable_network_address_usage_metrics": false,
            "id": "vpc-05ef407c8f30db6d9",
            "instance_tenancy": "default",
            "ipv4_ipam_pool_id": null,
            "ipv4_netmask_length": null,
            "ipv6_association_id": "",
            "ipv6_cidr_block": "",
            "ipv6_cidr_block_network_border_group": "",
            "ipv6_ipam_pool_id": "",
            "ipv6_netmask_length": 0,
            "main_route_table_id": "rtb-03bd436b1f67deb04",
            "owner_id": "667563228432",
            "tags": {
              "Name": "vpcmain"
            },
            "tags_all": {
              "Name": "vpcmain"
            }
          },
          "sensitive_attributes": [],
          "private": "eyJzY2hlbWFfdmVyc2lvbiI6IjEifQ=="
        }
      ]
    }
  ]
}
